Microsoft Visual Studio Solution File, Format Version 12.00
# Visual Studio Version 17
VisualStudioVersion = 17.5.2.0
MinimumVisualStudioVersion = 10.0.40219.1
Project("{FAE04EC0-301F-11D3-BF4B-00C04F79EFBC}") = "Perch", "Perch.csproj", "{DC9ACB05-589F-9175-E6E8-9FE0E2E4C6D6}"
EndProject
Global
	GlobalSection(SolutionConfigurationPlatforms) = preSolution
		Debug|Any CPU = Debug|Any CPU
		Release|Any CPU = Release|Any CPU
	EndGlobalSection
	GlobalSection(ProjectConfigurationPlatforms) = postSolution
		{DC9ACB05-589F-9175-E6E8-9FE0E2E4C6D6}.Debug|Any CPU.ActiveCfg = Debug|Any CPU
		{DC9ACB05-589F-9175-E6E8-9FE0E2E4C6D6}.Debug|Any CPU.Build.0 = Debug|Any CPU
		{DC9ACB05-589F-9175-E6E8-9FE0E2E4C6D6}.Release|Any CPU.ActiveCfg = Release|Any CPU
		{DC9ACB05-589F-9175-E6E8-9FE0E2E4C6D6}.Release|Any CPU.Build.0 = Release|Any CPU
	EndGlobalSection
	GlobalSection(SolutionProperties) = preSolution
		HideSolutionNode = FALSE
	EndGlobalSection
	GlobalSection(ExtensibilityGlobals) = postSolution
		SolutionGuid = {3C039230-6DE7-4194-A0A7-A0FF3BD71B4F}
	EndGlobalSection
EndGlobal
